
Microsoft Visual Studio Solution File, Format Version 12.00
# Visual Studio Version 16
VisualStudioVersion = 16.6.30114.105
MinimumVisualStudioVersion = 10.0.40219.1
Project("{9A19103F-16F7-4668-BE54-9A1E7A4F7556}") = "R5T.T0015.Construction", "R5T.T0015.Construction\R5T.T0015.Construction.csproj", "{D705BD8C-0486-4B82-968F-6E9E297D0B77}"
EndProject
Project("{9A19103F-16F7-4668-BE54-9A1E7A4F7556}") = "R5T.T0015", "R5T.T0015\R5T.T0015.csproj", "{0F3749B6-7B71-4BF6-8104-F0CEFEA6EB4A}"
EndProject
Project("{2150E333-8FDC-42A3-9474-1A3956D46DE8}") = "_Dependencies", "_Dependencies", "{7288DEB9-6C71-48F1-BAF3-A590C186E9B6}"
EndProject
Project("{9A19103F-16F7-4668-BE54-9A1E7A4F7556}") = "R5T.D0061.Base", "..\..\R5T.D0061\source\R5T.D0061.Base\R5T.D0061.Base.csproj", "{B1BDE410-49E6-40FD-AAF3-CEB611A9061C}"
EndProject
Project("{9A19103F-16F7-4668-BE54-9A1E7A4F7556}") = "R5T.L0009", "..\..\R5T.L0009\source\R5T.L0009\R5T.L0009.csproj", "{42FA13A6-9D50-4B6B-90E2-C1F607E4898D}"
EndProject
Project("{9A19103F-16F7-4668-BE54-9A1E7A4F7556}") = "R5T.Magyar", "..\..\R5T.Magyar\source\R5T.Magyar\R5T.Magyar.csproj", "{AC67336A-C1B1-48C4-825B-B455FBD03EDB}"
EndProject
Project("{9A19103F-16F7-4668-BE54-9A1E7A4F7556}") = "R5T.T0016", "..\..\R5T.T0016\source\R5T.T0016\R5T.T0016.csproj", "{49D78A27-0CFD-4FD1-9364-378C47A8DE42}"
EndProject
Global
	GlobalSection(SolutionConfigurationPlatforms) = preSolution
		Debug|Any CPU = Debug|Any CPU
		Debug|x64 = Debug|x64
		Debug|x86 = Debug|x86
		Release|Any CPU = Release|Any CPU
		Release|x64 = Release|x64
		Release|x86 = Release|x86
	EndGlobalSection
	GlobalSection(ProjectConfigurationPlatforms) = postSolution
		{D705BD8C-0486-4B82-968F-6E9E297D0B77}.Debug|Any CPU.ActiveCfg = Debug|Any CPU
		{D705BD8C-0486-4B82-968F-6E9E297D0B77}.Debug|Any CPU.Build.0 = Debug|Any CPU
		{D705BD8C-0486-4B82-968F-6E9E297D0B77}.Debug|x64.ActiveCfg = Debug|Any CPU
		{D705BD8C-0486-4B82-968F-6E9E297D0B77}.Debug|x64.Build.0 = Debug|Any CPU
		{D705BD8C-0486-4B82-968F-6E9E297D0B77}.Debug|x86.ActiveCfg = Debug|Any CPU
		{D705BD8C-0486-4B82-968F-6E9E297D0B77}.Debug|x86.Build.0 = Debug|Any CPU
		{D705BD8C-0486-4B82-968F-6E9E297D0B77}.Release|Any CPU.ActiveCfg = Release|Any CPU
		{D705BD8C-0486-4B82-968F-6E9E297D0B77}.Release|Any CPU.Build.0 = Release|Any CPU
		{D705BD8C-0486-4B82-968F-6E9E297D0B77}.Release|x64.ActiveCfg = Release|Any CPU
		{D705BD8C-0486-4B82-968F-6E9E297D0B77}.Release|x64.Build.0 = Release|Any CPU
		{D705BD8C-0486-4B82-968F-6E9E297D0B77}.Release|x86.ActiveCfg = Release|Any CPU
		{D705BD8C-0486-4B82-968F-6E9E297D0B77}.Release|x86.Build.0 = Release|Any CPU
		{0F3749B6-7B71-4BF6-8104-F0CEFEA6EB4A}.Debug|Any CPU.ActiveCfg = Debug|Any CPU
		{0F3749B6-7B71-4BF6-8104-F0CEFEA6EB4A}.Debug|Any CPU.Build.0 = Debug|Any CPU
		{0F3749B6-7B71-4BF6-8104-F0CEFEA6EB4A}.Debug|x64.ActiveCfg = Debug|Any CPU
		{0F3749B6-7B71-4BF6-8104-F0CEFEA6EB4A}.Debug|x64.Build.0 = Debug|Any CPU
		{0F3749B6-7B71-4BF6-8104-F0CEFEA6EB4A}.Debug|x86.ActiveCfg = Debug|Any CPU
		{0F3749B6-7B71-4BF6-8104-F0CEFEA6EB4A}.Debug|x86.Build.0 = Debug|Any CPU
		{0F3749B6-7B71-4BF6-8104-F0CEFEA6EB4A}.Release|Any CPU.ActiveCfg = Release|Any CPU
		{0F3749B6-7B71-4BF6-8104-F0CEFEA6EB4A}.Release|Any CPU.Build.0 = Release|Any CPU
		{0F3749B6-7B71-4BF6-8104-F0CEFEA6EB4A}.Release|x64.ActiveCfg = Release|Any CPU
		{0F3749B6-7B71-4BF6-8104-F0CEFEA6EB4A}.Release|x64.Build.0 = Release|Any CPU
		{0F3749B6-7B71-4BF6-8104-F0CEFEA6EB4A}.Release|x86.ActiveCfg = Release|Any CPU
		{0F3749B6-7B71-4BF6-8104-F0CEFEA6EB4A}.Release|x86.Build.0 = Release|Any CPU
		{B1BDE410-49E6-40FD-AAF3-CEB611A9061C}.Debug|Any CPU.ActiveCfg = Debug|Any CPU
		{B1BDE410-49E6-40FD-AAF3-CEB611A9061C}.Debug|Any CPU.Build.0 = Debug|Any CPU
		{B1BDE410-49E6-40FD-AAF3-CEB611A9061C}.Debug|x64.ActiveCfg = Debug|Any CPU
		{B1BDE410-49E6-40FD-AAF3-CEB611A9061C}.Debug|x64.Build.0 = Debug|Any CPU
		{B1BDE410-49E6-40FD-AAF3-CEB611A9061C}.Debug|x86.ActiveCfg = Debug|Any CPU
		{B1BDE410-49E6-40FD-AAF3-CEB611A9061C}.Debug|x86.Build.0 = Debug|Any CPU
		{B1BDE410-49E6-40FD-AAF3-CEB611A9061C}.Release|Any CPU.ActiveCfg = Release|Any CPU
		{B1BDE410-49E6-40FD-AAF3-CEB611A9061C}.Release|Any CPU.Build.0 = Release|Any CPU
		{B1BDE410-49E6-40FD-AAF3-CEB611A9061C}.Release|x64.ActiveCfg = Release|Any CPU
		{B1BDE410-49E6-40FD-AAF3-CEB611A9061C}.Release|x64.Build.0 = Release|Any CPU
		{B1BDE410-49E6-40FD-AAF3-CEB611A9061C}.Release|x86.ActiveCfg = Release|Any CPU
		{B1BDE410-49E6-40FD-AAF3-CEB611A9061C}.Release|x86.Build.0 = Release|Any CPU
		{42FA13A6-9D50-4B6B-90E2-C1F607E4898D}.Debug|Any CPU.ActiveCfg = Debug|Any CPU
		{42FA13A6-9D50-4B6B-90E2-C1F607E4898D}.Debug|Any CPU.Build.0 = Debug|Any CPU
		{42FA13A6-9D50-4B6B-90E2-C1F607E4898D}.Debug|x64.ActiveCfg = Debug|Any CPU
		{42FA13A6-9D50-4B6B-90E2-C1F607E4898D}.Debug|x64.Build.0 = Debug|Any CPU
		{42FA13A6-9D50-4B6B-90E2-C1F607E4898D}.Debug|x86.ActiveCfg = Debug|Any CPU
		{42FA13A6-9D50-4B6B-90E2-C1F607E4898D}.Debug|x86.Build.0 = Debug|Any CPU
		{42FA13A6-9D50-4B6B-90E2-C1F607E4898D}.Release|Any CPU.ActiveCfg = Release|Any CPU
		{42FA13A6-9D50-4B6B-90E2-C1F607E4898D}.Release|Any CPU.Build.0 = Release|Any CPU
		{42FA13A6-9D50-4B6B-90E2-C1F607E4898D}.Release|x64.ActiveCfg = Release|Any CPU
		{42FA13A6-9D50-4B6B-90E2-C1F607E4898D}.Release|x64.Build.0 = Release|Any CPU
		{42FA13A6-9D50-4B6B-90E2-C1F607E4898D}.Release|x86.ActiveCfg = Release|Any CPU
		{42FA13A6-9D50-4B6B-90E2-C1F607E4898D}.Release|x86.Build.0 = Release|Any CPU
		{AC67336A-C1B1-48C4-825B-B455FBD03EDB}.Debug|Any CPU.ActiveCfg = Debug|Any CPU
		{AC67336A-C1B1-48C4-825B-B455FBD03EDB}.Debug|Any CPU.Build.0 = Debug|Any CPU
		{AC67336A-C1B1-48C4-825B-B455FBD03EDB}.Debug|x64.ActiveCfg = Debug|Any CPU
		{AC67336A-C1B1-48C4-825B-B455FBD03EDB}.Debug|x64.Build.0 = Debug|Any CPU
		{AC67336A-C1B1-48C4-825B-B455FBD03EDB}.Debug|x86.ActiveCfg = Debug|Any CPU
		{AC67336A-C1B1-48C4-825B-B455FBD03EDB}.Debug|x86.Build.0 = Debug|Any CPU
		{AC67336A-C1B1-48C4-825B-B455FBD03EDB}.Release|Any CPU.ActiveCfg = Release|Any CPU
		{AC67336A-C1B1-48C4-825B-B455FBD03EDB}.Release|Any CPU.Build.0 = Release|Any CPU
		{AC67336A-C1B1-48C4-825B-B455FBD03EDB}.Release|x64.ActiveCfg = Release|Any CPU
		{AC67336A-C1B1-48C4-825B-B455FBD03EDB}.Release|x64.Build.0 = Release|Any CPU
		{AC67336A-C1B1-48C4-825B-B455FBD03EDB}.Release|x86.ActiveCfg = Release|Any CPU
		{AC67336A-C1B1-48C4-825B-B455FBD03EDB}.Release|x86.Build.0 = Release|Any CPU
		{49D78A27-0CFD-4FD1-9364-378C47A8DE42}.Debug|Any CPU.ActiveCfg = Debug|Any CPU
		{49D78A27-0CFD-4FD1-9364-378C47A8DE42}.Debug|Any CPU.Build.0 = Debug|Any CPU
		{49D78A27-0CFD-4FD1-9364-378C47A8DE42}.Debug|x64.ActiveCfg = Debug|Any CPU
		{49D78A27-0CFD-4FD1-9364-378C47A8DE42}.Debug|x64.Build.0 = Debug|Any CPU
		{49D78A27-0CFD-4FD1-9364-378C47A8DE42}.Debug|x86.ActiveCfg = Debug|Any CPU
		{49D78A27-0CFD-4FD1-9364-378C47A8DE42}.Debug|x86.Build.0 = Debug|Any CPU
		{49D78A27-0CFD-4FD1-9364-378C47A8DE42}.Release|Any CPU.ActiveCfg = Release|Any CPU
		{49D78A27-0CFD-4FD1-9364-378C47A8DE42}.Release|Any CPU.Build.0 = Release|Any CPU
		{49D78A27-0CFD-4FD1-9364-378C47A8DE42}.Release|x64.ActiveCfg = Release|Any CPU
		{49D78A27-0CFD-4FD1-9364-378C47A8DE42}.Release|x64.Build.0 = Release|Any CPU
		{49D78A27-0CFD-4FD1-9364-378C47A8DE42}.Release|x86.ActiveCfg = Release|Any CPU
		{49D78A27-0CFD-4FD1-9364-378C47A8DE42}.Release|x86.Build.0 = Release|Any CPU
	EndGlobalSection
	GlobalSection(SolutionProperties) = preSolution
		HideSolutionNode = FALSE
	EndGlobalSection
	GlobalSection(NestedProjects) = preSolution
		{B1BDE410-49E6-40FD-AAF3-CEB611A9061C} = {7288DEB9-6C71-48F1-BAF3-A590C186E9B6}
		{42FA13A6-9D50-4B6B-90E2-C1F607E4898D} = {7288DEB9-6C71-48F1-BAF3-A590C186E9B6}
		{AC67336A-C1B1-48C4-825B-B455FBD03EDB} = {7288DEB9-6C71-48F1-BAF3-A590C186E9B6}
		{49D78A27-0CFD-4FD1-9364-378C47A8DE42} = {7288DEB9-6C71-48F1-BAF3-A590C186E9B6}
	EndGlobalSection
	GlobalSection(ExtensibilityGlobals) = postSolution
		SolutionGuid = {F4F54166-A890-4531-B8C6-3CD06B45771C}
	EndGlobalSection
EndGlobal
